
Microsoft Visual Studio Solution File, Format Version 12.00
# Visual Studio Version 17
VisualStudioVersion = 17.1.32414.318
MinimumVisualStudioVersion = 10.0.40219.1
Project("{FAE04EC0-301F-11D3-BF4B-00C04F79EFBC}") = "BBoard-MVC", "BBoard-MVC\BBoard-MVC.csproj", "{7F888F14-005B-4B78-BAA4-82E7B195498B}"
EndProject
Global
	GlobalSection(SolutionConfigurationPlatforms) = preSolution
		Debug|Any CPU = Debug|Any CPU
		Release|Any CPU = Release|Any CPU
	EndGlobalSection
	GlobalSection(ProjectConfigurationPlatforms) = postSolution
		{7F888F14-005B-4B78-BAA4-82E7B195498B}.Debug|Any CPU.ActiveCfg = Debug|Any CPU
		{7F888F14-005B-4B78-BAA4-82E7B195498B}.Debug|Any CPU.Build.0 = Debug|Any CPU
		{7F888F14-005B-4B78-BAA4-82E7B195498B}.Release|Any CPU.ActiveCfg = Release|Any CPU
		{7F888F14-005B-4B78-BAA4-82E7B195498B}.Release|Any CPU.Build.0 = Release|Any CPU
	EndGlobalSection
	GlobalSection(SolutionProperties) = preSolution
		HideSolutionNode = FALSE
	EndGlobalSection
	GlobalSection(ExtensibilityGlobals) = postSolution
		SolutionGuid = {AACA6C02-90CD-4E16-9680-A42C48989B60}
	EndGlobalSection
EndGlobal
